// !$*UTF8*$!
{
	archiveVersion = 1;
	classes = {
	};
	objectVersion = 56;
	objects = {

/* Begin PBXBuildFile section */
		1B6C6E531D56FDF48F3D4EA1 /* Pods_TopShot_Match.framework in Frameworks */ = {isa = PBXBuildFile; fileRef = 45CEDC1DCCAE93AAE560E741 /* Pods_TopShot_Match.framework */; };
		831F02852999A44F00B7A79B /* ProposeTradeDetailsView.swift in Sources */ = {isa = PBXBuildFile; fileRef = 831F02842999A44F00B7A79B /* ProposeTradeDetailsView.swift */; };
		831F02872999F0A500B7A79B /* TradingBlockView.swift in Sources */ = {isa = PBXBuildFile; fileRef = 831F02862999F0A500B7A79B /* TradingBlockView.swift */; };
		831F02892999F0FA00B7A79B /* MomentListDetailView.swift in Sources */ = {isa = PBXBuildFile; fileRef = 831F02882999F0FA00B7A79B /* MomentListDetailView.swift */; };
		831F028B299AB7B900B7A79B /* Trade.swift in Sources */ = {isa = PBXBuildFile; fileRef = 831F028A299AB7B900B7A79B /* Trade.swift */; };
		831F028E299AB99000B7A79B /* PendingTradesView.swift in Sources */ = {isa = PBXBuildFile; fileRef = 831F028D299AB99000B7A79B /* PendingTradesView.swift */; };
		831F0290299AF7CC00B7A79B /* PendingTradeDetailsView.swift in Sources */ = {isa = PBXBuildFile; fileRef = 831F028F299AF7CC00B7A79B /* PendingTradeDetailsView.swift */; };
		835B1D4229974A8800616A04 /* TopShot_MatchApp.swift in Sources */ = {isa = PBXBuildFile; fileRef = 835B1D4129974A8800616A04 /* TopShot_MatchApp.swift */; };
		835B1D4429974A8800616A04 /* ContentView.swift in Sources */ = {isa = PBXBuildFile; fileRef = 835B1D4329974A8800616A04 /* ContentView.swift */; };
		835B1D4629974A8A00616A04 /* Assets.xcassets in Resources */ = {isa = PBXBuildFile; fileRef = 835B1D4529974A8A00616A04 /* Assets.xcassets */; };
		835B1D4929974A8A00616A04 /* Preview Assets.xcassets in Resources */ = {isa = PBXBuildFile; fileRef = 835B1D4829974A8A00616A04 /* Preview Assets.xcassets */; };
		835B1D502997504100616A04 /* CardView.swift in Sources */ = {isa = PBXBuildFile; fileRef = 835B1D4F2997504100616A04 /* CardView.swift */; };
		835B1D522997FBD100616A04 /* Moment.swift in Sources */ = {isa = PBXBuildFile; fileRef = 835B1D512997FBD100616A04 /* Moment.swift */; };
		835B1D5429985E5D00616A04 /* ProposeTradeView.swift in Sources */ = {isa = PBXBuildFile; fileRef = 835B1D5329985E5D00616A04 /* ProposeTradeView.swift */; };
		838443DA299D2DF800A3DA97 /* BlockchainViewModel.swift in Sources */ = {isa = PBXBuildFile; fileRef = 838443D9299D2DF800A3DA97 /* BlockchainViewModel.swift */; };
		83B3BAF729A146A5005F2F7A /* MomentId.swift in Sources */ = {isa = PBXBuildFile; fileRef = 83B3BAF629A146A5005F2F7A /* MomentId.swift */; };
		83C7C42829A72D260052549C /* MomentProposal.swift in Sources */ = {isa = PBXBuildFile; fileRef = 83C7C42729A72D260052549C /* MomentProposal.swift */; };
		83C7C42A29A882220052549C /* EMSwapProposal.swift in Sources */ = {isa = PBXBuildFile; fileRef = 83C7C42929A882220052549C /* EMSwapProposal.swift */; };
		83C7C42C29A994D60052549C /* NotificationDelegate.swift in Sources */ = {isa = PBXBuildFile; fileRef = 83C7C42B29A994D60052549C /* NotificationDelegate.swift */; };
		83C7C42E29A996A10052549C /* AppDelegate.swift in Sources */ = {isa = PBXBuildFile; fileRef = 83C7C42D29A996A10052549C /* AppDelegate.swift */; };
/* End PBXBuildFile section */

/* Begin PBXFileReference section */
		36628DC844CC8A562DA86C3A /* Pods-TopShot Match.release.xcconfig */ = {isa = PBXFileReference; includeInIndex = 1; lastKnownFileType = text.xcconfig; name = "Pods-TopShot Match.release.xcconfig"; path = "Target Support Files/Pods-TopShot Match/Pods-TopShot Match.release.xcconfig"; sourceTree = "<group>"; };
		45CEDC1DCCAE93AAE560E741 /* Pods_TopShot_Match.framework */ = {isa = PBXFileReference; explicitFileType = wrapper.framework; includeInIndex = 0; path = Pods_TopShot_Match.framework; sourceTree = BUILT_PRODUCTS_DIR; };
		831F02842999A44F00B7A79B /* ProposeTradeDetailsView.swift */ = {isa = PBXFileReference; lastKnownFileType = sourcecode.swift; path = ProposeTradeDetailsView.swift; sourceTree = "<group>"; };
		831F02862999F0A500B7A79B /* TradingBlockView.swift */ = {isa = PBXFileReference; lastKnownFileType = sourcecode.swift; path = TradingBlockView.swift; sourceTree = "<group>"; };
		831F02882999F0FA00B7A79B /* MomentListDetailView.swift */ = {isa = PBXFileReference; lastKnownFileType = sourcecode.swift; path = MomentListDetailView.swift; sourceTree = "<group>"; };
		831F028A299AB7B900B7A79B /* Trade.swift */ = {isa = PBXFileReference; lastKnownFileType = sourcecode.swift; path = Trade.swift; sourceTree = "<group>"; };
		831F028D299AB99000B7A79B /* PendingTradesView.swift */ = {isa = PBXFileReference; lastKnownFileType = sourcecode.swift; path = PendingTradesView.swift; sourceTree = "<group>"; };
		831F028F299AF7CC00B7A79B /* PendingTradeDetailsView.swift */ = {isa = PBXFileReference; lastKnownFileType = sourcecode.swift; path = PendingTradeDetailsView.swift; sourceTree = "<group>"; };
		831F0291299C7E6200B7A79B /* TopShot Match.entitlements */ = {isa = PBXFileReference; lastKnownFileType = text.plist.entitlements; path = "TopShot Match.entitlements"; sourceTree = "<group>"; };
		831F0292299C7F3900B7A79B /* TopShot-Match-Info.plist */ = {isa = PBXFileReference; lastKnownFileType = text.plist; path = "TopShot-Match-Info.plist"; sourceTree = SOURCE_ROOT; };
		835B1D3E29974A8800616A04 /* TopShot Match.app */ = {isa = PBXFileReference; explicitFileType = wrapper.application; includeInIndex = 0; path = "TopShot Match.app"; sourceTree = BUILT_PRODUCTS_DIR; };
		835B1D4129974A8800616A04 /* TopShot_MatchApp.swift */ = {isa = PBXFileReference; lastKnownFileType = sourcecode.swift; path = TopShot_MatchApp.swift; sourceTree = "<group>"; };
		835B1D4329974A8800616A04 /* ContentView.swift */ = {isa = PBXFileReference; lastKnownFileType = sourcecode.swift; path = ContentView.swift; sourceTree = "<group>"; };
		835B1D4529974A8A00616A04 /* Assets.xcassets */ = {isa = PBXFileReference; lastKnownFileType = folder.assetcatalog; path = Assets.xcassets; sourceTree = "<group>"; };
		835B1D4829974A8A00616A04 /* Preview Assets.xcassets */ = {isa = PBXFileReference; lastKnownFileType = folder.assetcatalog; path = "Preview Assets.xcassets"; sourceTree = "<group>"; };
		835B1D4F2997504100616A04 /* CardView.swift */ = {isa = PBXFileReference; lastKnownFileType = sourcecode.swift; path = CardView.swift; sourceTree = "<group>"; };
		835B1D512997FBD100616A04 /* Moment.swift */ = {isa = PBXFileReference; lastKnownFileType = sourcecode.swift; path = Moment.swift; sourceTree = "<group>"; };
		835B1D5329985E5D00616A04 /* ProposeTradeView.swift */ = {isa = PBXFileReference; lastKnownFileType = sourcecode.swift; path = ProposeTradeView.swift; sourceTree = "<group>"; };
		838443D9299D2DF800A3DA97 /* BlockchainViewModel.swift */ = {isa = PBXFileReference; lastKnownFileType = sourcecode.swift; path = BlockchainViewModel.swift; sourceTree = "<group>"; };
		83B3BAF629A146A5005F2F7A /* MomentId.swift */ = {isa = PBXFileReference; lastKnownFileType = sourcecode.swift; path = MomentId.swift; sourceTree = "<group>"; };
		83C7C42729A72D260052549C /* MomentProposal.swift */ = {isa = PBXFileReference; lastKnownFileType = sourcecode.swift; path = MomentProposal.swift; sourceTree = "<group>"; };
		83C7C42929A882220052549C /* EMSwapProposal.swift */ = {isa = PBXFileReference; lastKnownFileType = sourcecode.swift; path = EMSwapProposal.swift; sourceTree = "<group>"; };
		83C7C42B29A994D60052549C /* NotificationDelegate.swift */ = {isa = PBXFileReference; lastKnownFileType = sourcecode.swift; path = NotificationDelegate.swift; sourceTree = "<group>"; };
		83C7C42D29A996A10052549C /* AppDelegate.swift */ = {isa = PBXFileReference; lastKnownFileType = sourcecode.swift; path = AppDelegate.swift; sourceTree = "<group>"; };
		97235FE8EEC647E8B3179427 /* Pods-TopShot Match.debug.xcconfig */ = {isa = PBXFileReference; includeInIndex = 1; lastKnownFileType = text.xcconfig; name = "Pods-TopShot Match.debug.xcconfig"; path = "Target Support Files/Pods-TopShot Match/Pods-TopShot Match.debug.xcconfig"; sourceTree = "<group>"; };
/* End PBXFileReference section */

/* Begin PBXFrameworksBuildPhase section */
		835B1D3B29974A8800616A04 /* Frameworks */ = {
			isa = PBXFrameworksBuildPhase;
			buildActionMask = 2147483647;
			files = (
				1B6C6E531D56FDF48F3D4EA1 /* Pods_TopShot_Match.framework in Frameworks */,
			);
			runOnlyForDeploymentPostprocessing = 0;
		};
/* End PBXFrameworksBuildPhase section */

/* Begin PBXGroup section */
		831F028C299AB7C100B7A79B /* models */ = {
			isa = PBXGroup;
			children = (
				835B1D512997FBD100616A04 /* Moment.swift */,
				831F028A299AB7B900B7A79B /* Trade.swift */,
				83B3BAF629A146A5005F2F7A /* MomentId.swift */,
				83C7C42729A72D260052549C /* MomentProposal.swift */,
				83C7C42929A882220052549C /* EMSwapProposal.swift */,
			);
			path = models;
			sourceTree = "<group>";
		};
		835B1D3529974A8800616A04 = {
			isa = PBXGroup;
			children = (
				835B1D4029974A8800616A04 /* TopShot Match */,
				835B1D3F29974A8800616A04 /* Products */,
				8B8E955BD524690252638F30 /* Pods */,
				92AE2F0187306E9FCF048A7E /* Frameworks */,
			);
			sourceTree = "<group>";
		};
		835B1D3F29974A8800616A04 /* Products */ = {
			isa = PBXGroup;
			children = (
				835B1D3E29974A8800616A04 /* TopShot Match.app */,
			);
			name = Products;
			sourceTree = "<group>";
		};
		835B1D4029974A8800616A04 /* TopShot Match */ = {
			isa = PBXGroup;
			children = (
				831F0292299C7F3900B7A79B /* TopShot-Match-Info.plist */,
				831F0291299C7E6200B7A79B /* TopShot Match.entitlements */,
				835B1D4129974A8800616A04 /* TopShot_MatchApp.swift */,
				831F028C299AB7C100B7A79B /* models */,
				831F02882999F0FA00B7A79B /* MomentListDetailView.swift */,
				831F02862999F0A500B7A79B /* TradingBlockView.swift */,
				835B1D4329974A8800616A04 /* ContentView.swift */,
				835B1D4F2997504100616A04 /* CardView.swift */,
				835B1D5329985E5D00616A04 /* ProposeTradeView.swift */,
				831F02842999A44F00B7A79B /* ProposeTradeDetailsView.swift */,
				831F028D299AB99000B7A79B /* PendingTradesView.swift */,
				831F028F299AF7CC00B7A79B /* PendingTradeDetailsView.swift */,
				835B1D4529974A8A00616A04 /* Assets.xcassets */,
				835B1D4729974A8A00616A04 /* Preview Content */,
				838443D9299D2DF800A3DA97 /* BlockchainViewModel.swift */,
				83C7C42B29A994D60052549C /* NotificationDelegate.swift */,
				83C7C42D29A996A10052549C /* AppDelegate.swift */,
			);
			path = "TopShot Match";
			sourceTree = "<group>";
		};
		835B1D4729974A8A00616A04 /* Preview Content */ = {
			isa = PBXGroup;
			children = (
				835B1D4829974A8A00616A04 /* Preview Assets.xcassets */,
			);
			path = "Preview Content";
			sourceTree = "<group>";
		};
		8B8E955BD524690252638F30 /* Pods */ = {
			isa = PBXGroup;
			children = (
				97235FE8EEC647E8B3179427 /* Pods-TopShot Match.debug.xcconfig */,
				36628DC844CC8A562DA86C3A /* Pods-TopShot Match.release.xcconfig */,
			);
			path = Pods;
			sourceTree = "<group>";
		};
		92AE2F0187306E9FCF048A7E /* Frameworks */ = {
			isa = PBXGroup;
			children = (
				45CEDC1DCCAE93AAE560E741 /* Pods_TopShot_Match.framework */,
			);
			name = Frameworks;
			sourceTree = "<group>";
		};
/* End PBXGroup section */

/* Begin PBXNativeTarget section */
		835B1D3D29974A8800616A04 /* TopShot Match */ = {
			isa = PBXNativeTarget;
			buildConfigurationList = 835B1D4C29974A8A00616A04 /* Build configuration list for PBXNativeTarget "TopShot Match" */;
			buildPhases = (
				6F8F41F067770E72DE7C2FF6 /* [CP] Check Pods Manifest.lock */,
				835B1D3A29974A8800616A04 /* Sources */,
				835B1D3B29974A8800616A04 /* Frameworks */,
				835B1D3C29974A8800616A04 /* Resources */,
				CB53D9C2A397B1B971C44707 /* [CP] Embed Pods Frameworks */,
			);
			buildRules = (
			);
			dependencies = (
			);
			name = "TopShot Match";
			productName = "TopShot Match";
			productReference = 835B1D3E29974A8800616A04 /* TopShot Match.app */;
			productType = "com.apple.product-type.application";
		};
/* End PBXNativeTarget section */

/* Begin PBXProject section */
		835B1D3629974A8800616A04 /* Project object */ = {
			isa = PBXProject;
			attributes = {
				BuildIndependentTargetsInParallel = 1;
				LastSwiftUpdateCheck = 1420;
				LastUpgradeCheck = 1420;
				TargetAttributes = {
					835B1D3D29974A8800616A04 = {
						CreatedOnToolsVersion = 14.2;
					};
				};
			};
			buildConfigurationList = 835B1D3929974A8800616A04 /* Build configuration list for PBXProject "TopShot Match" */;
			compatibilityVersion = "Xcode 14.0";
			developmentRegion = en;
			hasScannedForEncodings = 0;
			knownRegions = (
				en,
				Base,
			);
			mainGroup = 835B1D3529974A8800616A04;
			productRefGroup = 835B1D3F29974A8800616A04 /* Products */;
			projectDirPath = "";
			projectRoot = "";
			targets = (
				835B1D3D29974A8800616A04 /* TopShot Match */,
			);
		};
/* End PBXProject section */

/* Begin PBXResourcesBuildPhase section */
		835B1D3C29974A8800616A04 /* Resources */ = {
			isa = PBXResourcesBuildPhase;
			buildActionMask = 2147483647;
			files = (
				835B1D4929974A8A00616A04 /* Preview Assets.xcassets in Resources */,
				835B1D4629974A8A00616A04 /* Assets.xcassets in Resources */,
			);
			runOnlyForDeploymentPostprocessing = 0;
		};
/* End PBXResourcesBuildPhase section */

/* Begin PBXShellScriptBuildPhase section */
		6F8F41F067770E72DE7C2FF6 /* [CP] Check Pods Manifest.lock */ = {
			isa = PBXShellScriptBuildPhase;
			buildActionMask = 2147483647;
			files = (
			);
			inputFileListPaths = (
			);
			inputPaths = (
				"${PODS_PODFILE_DIR_PATH}/Podfile.lock",
				"${PODS_ROOT}/Manifest.lock",
			);
			name = "[CP] Check Pods Manifest.lock";
			outputFileListPaths = (
			);
			outputPaths = (
				"$(DERIVED_FILE_DIR)/Pods-TopShot Match-checkManifestLockResult.txt",
			);
			runOnlyForDeploymentPostprocessing = 0;
			shellPath = /bin/sh;
			shellScript = "diff \"${PODS_PODFILE_DIR_PATH}/Podfile.lock\" \"${PODS_ROOT}/Manifest.lock\" > /dev/null\nif [ $? != 0 ] ; then\n    # print error to STDERR\n    echo \"error: The sandbox is not in sync with the Podfile.lock. Run 'pod install' or update your CocoaPods installation.\" >&2\n    exit 1\nfi\n# This output is used by Xcode 'outputs' to avoid re-running this script phase.\necho \"SUCCESS\" > \"${SCRIPT_OUTPUT_FILE_0}\"\n";
			showEnvVarsInLog = 0;
		};
		CB53D9C2A397B1B971C44707 /* [CP] Embed Pods Frameworks */ = {
			isa = PBXShellScriptBuildPhase;
			buildActionMask = 2147483647;
			files = (
			);
			inputFileListPaths = (
				"${PODS_ROOT}/Target Support Files/Pods-TopShot Match/Pods-TopShot Match-frameworks-${CONFIGURATION}-input-files.xcfilelist",
			);
			name = "[CP] Embed Pods Frameworks";
			outputFileListPaths = (
				"${PODS_ROOT}/Target Support Files/Pods-TopShot Match/Pods-TopShot Match-frameworks-${CONFIGURATION}-output-files.xcfilelist",
			);
			runOnlyForDeploymentPostprocessing = 0;
			shellPath = /bin/sh;
			shellScript = "\"${PODS_ROOT}/Target Support Files/Pods-TopShot Match/Pods-TopShot Match-frameworks.sh\"\n";
			showEnvVarsInLog = 0;
		};
/* End PBXShellScriptBuildPhase section */

/* Begin PBXSourcesBuildPhase section */
		835B1D3A29974A8800616A04 /* Sources */ = {
			isa = PBXSourcesBuildPhase;
			buildActionMask = 2147483647;
			files = (
				831F02852999A44F00B7A79B /* ProposeTradeDetailsView.swift in Sources */,
				831F0290299AF7CC00B7A79B /* PendingTradeDetailsView.swift in Sources */,
				83C7C42829A72D260052549C /* MomentProposal.swift in Sources */,
				838443DA299D2DF800A3DA97 /* BlockchainViewModel.swift in Sources */,
				831F02872999F0A500B7A79B /* TradingBlockView.swift in Sources */,
				83B3BAF729A146A5005F2F7A /* MomentId.swift in Sources */,
				835B1D4429974A8800616A04 /* ContentView.swift in Sources */,
				83C7C42C29A994D60052549C /* NotificationDelegate.swift in Sources */,
				835B1D502997504100616A04 /* CardView.swift in Sources */,
				835B1D4229974A8800616A04 /* TopShot_MatchApp.swift in Sources */,
				831F028B299AB7B900B7A79B /* Trade.swift in Sources */,
				835B1D5429985E5D00616A04 /* ProposeTradeView.swift in Sources */,
				831F028E299AB99000B7A79B /* PendingTradesView.swift in Sources */,
				835B1D522997FBD100616A04 /* Moment.swift in Sources */,
				83C7C42A29A882220052549C /* EMSwapProposal.swift in Sources */,
				83C7C42E29A996A10052549C /* AppDelegate.swift in Sources */,
				831F02892999F0FA00B7A79B /* MomentListDetailView.swift in Sources */,
			);
			runOnlyForDeploymentPostprocessing = 0;
		};
/* End PBXSourcesBuildPhase section */

/* Begin XCBuildConfiguration section */
		835B1D4A29974A8A00616A04 /* Debug */ = {
			isa = XCBuildConfiguration;
			buildSettings = {
				ALWAYS_SEARCH_USER_PATHS = NO;
				CLANG_ANALYZER_NONNULL = YES;
				CLANG_ANALYZER_NUMBER_OBJECT_CONVERSION = YES_AGGRESSIVE;
				CLANG_CXX_LANGUAGE_STANDARD = "gnu++20";
				CLANG_ENABLE_MODULES = YES;
				CLANG_ENABLE_OBJC_ARC = YES;
				CLANG_ENABLE_OBJC_WEAK = YES;
				CLANG_WARN_BLOCK_CAPTURE_AUTORELEASING = YES;
				CLANG_WARN_BOOL_CONVERSION = YES;
				CLANG_WARN_COMMA = YES;
				CLANG_WARN_CONSTANT_CONVERSION = YES;
				CLANG_WARN_DEPRECATED_OBJC_IMPLEMENTATIONS = YES;
				CLANG_WARN_DIRECT_OBJC_ISA_USAGE = YES_ERROR;
				CLANG_WARN_DOCUMENTATION_COMMENTS = YES;
				CLANG_WARN_EMPTY_BODY = YES;
				CLANG_WARN_ENUM_CONVERSION = YES;
				CLANG_WARN_INFINITE_RECURSION = YES;
				CLANG_WARN_INT_CONVERSION = YES;
				CLANG_WARN_NON_LITERAL_NULL_CONVERSION = YES;
				CLANG_WARN_OBJC_IMPLICIT_RETAIN_SELF = YES;
				CLANG_WARN_OBJC_LITERAL_CONVERSION = YES;
				CLANG_WARN_OBJC_ROOT_CLASS = YES_ERROR;
				CLANG_WARN_QUOTED_INCLUDE_IN_FRAMEWORK_HEADER = YES;
				CLANG_WARN_RANGE_LOOP_ANALYSIS = YES;
				CLANG_WARN_STRICT_PROTOTYPES = YES;
				CLANG_WARN_SUSPICIOUS_MOVE = YES;
				CLANG_WARN_UNGUARDED_AVAILABILITY = YES_AGGRESSIVE;
				CLANG_WARN_UNREACHABLE_CODE = YES;
				CLANG_WARN__DUPLICATE_METHOD_MATCH = YES;
				COPY_PHASE_STRIP = NO;
				DEBUG_INFORMATION_FORMAT = dwarf;
				ENABLE_STRICT_OBJC_MSGSEND = YES;
				ENABLE_TESTABILITY = YES;
				GCC_C_LANGUAGE_STANDARD = gnu11;
				GCC_DYNAMIC_NO_PIC = NO;
				GCC_NO_COMMON_BLOCKS = YES;
				GCC_OPTIMIZATION_LEVEL = 0;
				GCC_PREPROCESSOR_DEFINITIONS = (
					"DEBUG=1",
					"$(inherited)",
				);
				GCC_WARN_64_TO_32_BIT_CONVERSION = YES;
				GCC_WARN_ABOUT_RETURN_TYPE = YES_ERROR;
				GCC_WARN_UNDECLARED_SELECTOR = YES;
				GCC_WARN_UNINITIALIZED_AUTOS = YES_AGGRESSIVE;
				GCC_WARN_UNUSED_FUNCTION = YES;
				GCC_WARN_UNUSED_VARIABLE = YES;
				IPHONEOS_DEPLOYMENT_TARGET = 16.2;
				MTL_ENABLE_DEBUG_INFO = INCLUDE_SOURCE;
				MTL_FAST_MATH = YES;
				ONLY_ACTIVE_ARCH = YES;
				SDKROOT = iphoneos;
				SWIFT_ACTIVE_COMPILATION_CONDITIONS = DEBUG;
				SWIFT_OPTIMIZATION_LEVEL = "-Onone";
			};
			name = Debug;
		};
		835B1D4B29974A8A00616A04 /* Release */ = {
			isa = XCBuildConfiguration;
			buildSettings = {
				ALWAYS_SEARCH_USER_PATHS = NO;
				CLANG_ANALYZER_NONNULL = YES;
				CLANG_ANALYZER_NUMBER_OBJECT_CONVERSION = YES_AGGRESSIVE;
				CLANG_CXX_LANGUAGE_STANDARD = "gnu++20";
				CLANG_ENABLE_MODULES = YES;
				CLANG_ENABLE_OBJC_ARC = YES;
				CLANG_ENABLE_OBJC_WEAK = YES;
				CLANG_WARN_BLOCK_CAPTURE_AUTORELEASING = YES;
				CLANG_WARN_BOOL_CONVERSION = YES;
				CLANG_WARN_COMMA = YES;
				CLANG_WARN_CONSTANT_CONVERSION = YES;
				CLANG_WARN_DEPRECATED_OBJC_IMPLEMENTATIONS = YES;
				CLANG_WARN_DIRECT_OBJC_ISA_USAGE = YES_ERROR;
				CLANG_WARN_DOCUMENTATION_COMMENTS = YES;
				CLANG_WARN_EMPTY_BODY = YES;
				CLANG_WARN_ENUM_CONVERSION = YES;
				CLANG_WARN_INFINITE_RECURSION = YES;
				CLANG_WARN_INT_CONVERSION = YES;
				CLANG_WARN_NON_LITERAL_NULL_CONVERSION = YES;
				CLANG_WARN_OBJC_IMPLICIT_RETAIN_SELF = YES;
				CLANG_WARN_OBJC_LITERAL_CONVERSION = YES;
				CLANG_WARN_OBJC_ROOT_CLASS = YES_ERROR;
				CLANG_WARN_QUOTED_INCLUDE_IN_FRAMEWORK_HEADER = YES;
				CLANG_WARN_RANGE_LOOP_ANALYSIS = YES;
				CLANG_WARN_STRICT_PROTOTYPES = YES;
				CLANG_WARN_SUSPICIOUS_MOVE = YES;
				CLANG_WARN_UNGUARDED_AVAILABILITY = YES_AGGRESSIVE;
				CLANG_WARN_UNREACHABLE_CODE = YES;
				CLANG_WARN__DUPLICATE_METHOD_MATCH = YES;
				COPY_PHASE_STRIP = NO;
				DEBUG_INFORMATION_FORMAT = "dwarf-with-dsym";
				ENABLE_NS_ASSERTIONS = NO;
				ENABLE_STRICT_OBJC_MSGSEND = YES;
				GCC_C_LANGUAGE_STANDARD = gnu11;
				GCC_NO_COMMON_BLOCKS = YES;
				GCC_WARN_64_TO_32_BIT_CONVERSION = YES;
				GCC_WARN_ABOUT_RETURN_TYPE = YES_ERROR;
				GCC_WARN_UNDECLARED_SELECTOR = YES;
				GCC_WARN_UNINITIALIZED_AUTOS = YES_AGGRESSIVE;
				GCC_WARN_UNUSED_FUNCTION = YES;
				GCC_WARN_UNUSED_VARIABLE = YES;
				IPHONEOS_DEPLOYMENT_TARGET = 16.2;
				MTL_ENABLE_DEBUG_INFO = NO;
				MTL_FAST_MATH = YES;
				SDKROOT = iphoneos;
				SWIFT_COMPILATION_MODE = wholemodule;
				SWIFT_OPTIMIZATION_LEVEL = "-O";
				VALIDATE_PRODUCT = YES;
			};
			name = Release;
		};
		835B1D4D29974A8A00616A04 /* Debug */ = {
			isa = XCBuildConfiguration;
			baseConfigurationReference = 97235FE8EEC647E8B3179427 /* Pods-TopShot Match.debug.xcconfig */;
			buildSettings = {
				ASSETCATALOG_COMPILER_APPICON_NAME = AppIcon1;
				ASSETCATALOG_COMPILER_GLOBAL_ACCENT_COLOR_NAME = AccentColor;
				ASSETCATALOG_COMPILER_INCLUDE_ALL_APPICON_ASSETS = YES;
				CODE_SIGN_ENTITLEMENTS = "TopShot Match/TopShot Match.entitlements";
				CODE_SIGN_IDENTITY = "Apple Development";
				CODE_SIGN_STYLE = Automatic;
				CURRENT_PROJECT_VERSION = 1;
				DEVELOPMENT_ASSET_PATHS = "\"TopShot Match/Preview Content\"";
				DEVELOPMENT_TEAM = D2LR8ZPXMD;
				ENABLE_PREVIEWS = YES;
				GENERATE_INFOPLIST_FILE = YES;
				INFOPLIST_FILE = "TopShot-Match-Info.plist";
				INFOPLIST_KEY_CFBundleDisplayName = "TopShot Match";
				INFOPLIST_KEY_LSApplicationCategoryType = "public.app-category.sports-games";
				INFOPLIST_KEY_UIApplicationSceneManifest_Generation = YES;
				INFOPLIST_KEY_UIApplicationSupportsIndirectInputEvents = YES;
				INFOPLIST_KEY_UIStatusBarStyle = "";
				INFOPLIST_KEY_UISupportedInterfaceOrientations = UIInterfaceOrientationPortrait;
				INFOPLIST_KEY_UISupportedInterfaceOrientations_iPad = "UIInterfaceOrientationLandscapeLeft UIInterfaceOrientationLandscapeRight UIInterfaceOrientationPortrait UIInterfaceOrientationPortraitUpsideDown";
				IPHONEOS_DEPLOYMENT_TARGET = 16.1;
				LD_RUNPATH_SEARCH_PATHS = (
					"$(inherited)",
					"@executable_path/Frameworks",
				);
				MARKETING_VERSION = 1.0;
				PRODUCT_BUNDLE_IDENTIFIER = "com.manticore.TopShot-Match";
				PRODUCT_NAME = "$(TARGET_NAME)";
				PROVISIONING_PROFILE_SPECIFIER = "";
				SUPPORTED_PLATFORMS = "iphoneos iphonesimulator";
				SUPPORTS_MACCATALYST = NO;
				SUPPORTS_MAC_DESIGNED_FOR_IPHONE_IPAD = NO;
				SWIFT_EMIT_LOC_STRINGS = YES;
				SWIFT_VERSION = 5.0;
				TARGETED_DEVICE_FAMILY = 1;
			};
			name = Debug;
		};
		835B1D4E29974A8A00616A04 /* Release */ = {
			isa = XCBuildConfiguration;
			baseConfigurationReference = 36628DC844CC8A562DA86C3A /* Pods-TopShot Match.release.xcconfig */;
			buildSettings = {
				ASSETCATALOG_COMPILER_APPICON_NAME = AppIcon1;
				ASSETCATALOG_COMPILER_GLOBAL_ACCENT_COLOR_NAME = AccentColor;
				ASSETCATALOG_COMPILER_INCLUDE_ALL_APPICON_ASSETS = YES;
				CODE_SIGN_ENTITLEMENTS = "TopShot Match/TopShot Match.entitlements";
				CODE_SIGN_IDENTITY = "Apple Development";
				CODE_SIGN_STYLE = Automatic;
				CURRENT_PROJECT_VERSION = 1;
				DEVELOPMENT_ASSET_PATHS = "\"TopShot Match/Preview Content\"";
				DEVELOPMENT_TEAM = D2LR8ZPXMD;
				ENABLE_PREVIEWS = YES;
				GENERATE_INFOPLIST_FILE = YES;
				INFOPLIST_FILE = "TopShot-Match-Info.plist";
				INFOPLIST_KEY_CFBundleDisplayName = "TopShot Match";
				INFOPLIST_KEY_LSApplicationCategoryType = "public.app-category.sports-games";
				INFOPLIST_KEY_UIApplicationSceneManifest_Generation = YES;
				INFOPLIST_KEY_UIApplicationSupportsIndirectInputEvents = YES;
				INFOPLIST_KEY_UIStatusBarStyle = "";
				INFOPLIST_KEY_UISupportedInterfaceOrientations = UIInterfaceOrientationPortrait;
				INFOPLIST_KEY_UISupportedInterfaceOrientations_iPad = "UIInterfaceOrientationLandscapeLeft UIInterfaceOrientationLandscapeRight UIInterfaceOrientationPortrait UIInterfaceOrientationPortraitUpsideDown";
				IPHONEOS_DEPLOYMENT_TARGET = 16.1;
				LD_RUNPATH_SEARCH_PATHS = (
					"$(inherited)",
					"@executable_path/Frameworks",
				);
				MARKETING_VERSION = 1.0;
				PRODUCT_BUNDLE_IDENTIFIER = "com.manticore.TopShot-Match";
				PRODUCT_NAME = "$(TARGET_NAME)";
				PROVISIONING_PROFILE_SPECIFIER = "";
				SUPPORTED_PLATFORMS = "iphoneos iphonesimulator";
				SUPPORTS_MACCATALYST = NO;
				SUPPORTS_MAC_DESIGNED_FOR_IPHONE_IPAD = NO;
				SWIFT_EMIT_LOC_STRINGS = YES;
				SWIFT_VERSION = 5.0;
				TARGETED_DEVICE_FAMILY = 1;
			};
			name = Release;
		};
/* End XCBuildConfiguration section */

/* Begin XCConfigurationList section */
		835B1D3929974A8800616A04 /* Build configuration list for PBXProject "TopShot Match" */ = {
			isa = XCConfigurationList;
			buildConfigurations = (
				835B1D4A29974A8A00616A04 /* Debug */,
				835B1D4B29974A8A00616A04 /* Release */,
			);
			defaultConfigurationIsVisible = 0;
			defaultConfigurationName = Release;
		};
		835B1D4C29974A8A00616A04 /* Build configuration list for PBXNativeTarget "TopShot Match" */ = {
			isa = XCConfigurationList;
			buildConfigurations = (
				835B1D4D29974A8A00616A04 /* Debug */,
				835B1D4E29974A8A00616A04 /* Release */,
			);
			defaultConfigurationIsVisible = 0;
			defaultConfigurationName = Release;
		};
/* End XCConfigurationList section */
	};
	rootObject = 835B1D3629974A8800616A04 /* Project object */;
}
